
Microsoft Visual Studio Solution File, Format Version 12.00
# Visual Studio Version 16
VisualStudioVersion = 16.0.29215.179
MinimumVisualStudioVersion = 10.0.40219.1
Project("{FAE04EC0-301F-11D3-BF4B-00C04F79EFBC}") = "MovieRecommender", "MovieRecommender\MovieRecommender.csproj", "{EB6DBAF4-FDC6-4341-A554-55338FDFC085}"
EndProject
Global
	GlobalSection(SolutionConfigurationPlatforms) = preSolution
		Debug|Any CPU = Debug|Any CPU
		Release|Any CPU = Release|Any CPU
	EndGlobalSection
	GlobalSection(ProjectConfigurationPlatforms) = postSolution
		{EB6DBAF4-FDC6-4341-A554-55338FDFC085}.Debug|Any CPU.ActiveCfg = Debug|Any CPU
		{EB6DBAF4-FDC6-4341-A554-55338FDFC085}.Debug|Any CPU.Build.0 = Debug|Any CPU
		{EB6DBAF4-FDC6-4341-A554-55338FDFC085}.Release|Any CPU.ActiveCfg = Release|Any CPU
		{EB6DBAF4-FDC6-4341-A554-55338FDFC085}.Release|Any CPU.Build.0 = Release|Any CPU
	EndGlobalSection
	GlobalSection(SolutionProperties) = preSolution
		HideSolutionNode = FALSE
	EndGlobalSection
	GlobalSection(ExtensibilityGlobals) = postSolution
		SolutionGuid = {D0F49BFD-EF1F-4D8E-8443-00DD69DCB3F7}
	EndGlobalSection
EndGlobal
